
Microsoft Visual Studio Solution File, Format Version 12.00
# Visual Studio Version 16
VisualStudioVersion = 16.0.31424.327
MinimumVisualStudioVersion = 10.0.40219.1
Project("{FAE04EC0-301F-11D3-BF4B-00C04F79EFBC}") = "EmbyRefresh", "EmbyRefresh.csproj", "{8FC37114-A565-42BD-8E3D-F0E2C200B5EC}"
EndProject
Global
	GlobalSection(SolutionConfigurationPlatforms) = preSolution
		Debug|Any CPU = Debug|Any CPU
		Release|Any CPU = Release|Any CPU
	EndGlobalSection
	GlobalSection(ProjectConfigurationPlatforms) = postSolution
		{8FC37114-A565-42BD-8E3D-F0E2C200B5EC}.Debug|Any CPU.ActiveCfg = Debug|Any CPU
		{8FC37114-A565-42BD-8E3D-F0E2C200B5EC}.Debug|Any CPU.Build.0 = Debug|Any CPU
		{8FC37114-A565-42BD-8E3D-F0E2C200B5EC}.Release|Any CPU.ActiveCfg = Release|Any CPU
		{8FC37114-A565-42BD-8E3D-F0E2C200B5EC}.Release|Any CPU.Build.0 = Release|Any CPU
	EndGlobalSection
	GlobalSection(SolutionProperties) = preSolution
		HideSolutionNode = FALSE
	EndGlobalSection
	GlobalSection(ExtensibilityGlobals) = postSolution
		SolutionGuid = {90E91420-B371-416A-8D63-06B444EEB2DE}
	EndGlobalSection
EndGlobal
